
Microsoft Visual Studio Solution File, Format Version 12.00
# Visual Studio Version 17
VisualStudioVersion = 17.4.33205.214
MinimumVisualStudioVersion = 10.0.40219.1
Project("{FAE04EC0-301F-11D3-BF4B-00C04F79EFBC}") = "Biblioteca", "Biblioteca.csproj", "{598396E5-C4A9-4E93-87F8-C6038E393AB7}"
EndProject
Global
	GlobalSection(SolutionConfigurationPlatforms) = preSolution
		Debug|Any CPU = Debug|Any CPU
		Release|Any CPU = Release|Any CPU
	EndGlobalSection
	GlobalSection(ProjectConfigurationPlatforms) = postSolution
		{598396E5-C4A9-4E93-87F8-C6038E393AB7}.Debug|Any CPU.ActiveCfg = Debug|Any CPU
		{598396E5-C4A9-4E93-87F8-C6038E393AB7}.Debug|Any CPU.Build.0 = Debug|Any CPU
		{598396E5-C4A9-4E93-87F8-C6038E393AB7}.Release|Any CPU.ActiveCfg = Release|Any CPU
		{598396E5-C4A9-4E93-87F8-C6038E393AB7}.Release|Any CPU.Build.0 = Release|Any CPU
	EndGlobalSection
	GlobalSection(SolutionProperties) = preSolution
		HideSolutionNode = FALSE
	EndGlobalSection
	GlobalSection(ExtensibilityGlobals) = postSolution
		SolutionGuid = {D4D24FCE-DA07-4AF9-8C1C-16BC64D64B89}
	EndGlobalSection
EndGlobal
